
Microsoft Visual Studio Solution File, Format Version 12.00
# Visual Studio 15
VisualStudioVersion = 15.0.27703.1
MinimumVisualStudioVersion = 10.0.40219.1
Project("{FAE04EC0-301F-11D3-BF4B-00C04F79EFBC}") = "Ejercicio.SeleniumB", "Ejercicio.SeleniumB\Ejercicio.SeleniumB.csproj", "{F3355CAE-40CF-4CDC-B04D-BFC0CDCC45D7}"
EndProject
Global
	GlobalSection(SolutionConfigurationPlatforms) = preSolution
		Debug|Any CPU = Debug|Any CPU
		Release|Any CPU = Release|Any CPU
	EndGlobalSection
	GlobalSection(ProjectConfigurationPlatforms) = postSolution
		{F3355CAE-40CF-4CDC-B04D-BFC0CDCC45D7}.Debug|Any CPU.ActiveCfg = Debug|Any CPU
		{F3355CAE-40CF-4CDC-B04D-BFC0CDCC45D7}.Debug|Any CPU.Build.0 = Debug|Any CPU
		{F3355CAE-40CF-4CDC-B04D-BFC0CDCC45D7}.Release|Any CPU.ActiveCfg = Release|Any CPU
		{F3355CAE-40CF-4CDC-B04D-BFC0CDCC45D7}.Release|Any CPU.Build.0 = Release|Any CPU
	EndGlobalSection
	GlobalSection(SolutionProperties) = preSolution
		HideSolutionNode = FALSE
	EndGlobalSection
	GlobalSection(ExtensibilityGlobals) = postSolution
		SolutionGuid = {399D1A31-B42C-4693-B851-777FC1A21ABD}
	EndGlobalSection
EndGlobal
